dependencies:
  espressif/w5500:
    component_hash: e6e47022a1f509d1d1197652a554aea84a8cd4d99161061e187ecf4b78a7f6ca
    dependencies:
    - name: idf
      require: private
      version: '>=6.0'
    source:
      registry_url: https://components.espressif.com/
      type: service
    version: 1.0.1
  idf:
    source:
      type: idf
    version: 6.0.0
direct_dependencies:
- espressif/w5500
manifest_hash: 5a1a6b2c75d011a37d646d43e6f79fa11f65b6bc67bae022729257d74d74fa50
target: esp32s3
version: 2.0.0
